
Microsoft Visual Studio Solution File, Format Version 12.00
# Visual Studio Version 17
VisualStudioVersion = 17.5.33530.505
MinimumVisualStudioVersion = 10.0.40219.1
Project("{FAE04EC0-301F-11D3-BF4B-00C04F79EFBC}") = "la-mia-pizzeria-static", "la-mia-pizzeria-static\la-mia-pizzeria-static.csproj", "{0BD6655A-2FC1-4507-94DF-85FFA87A4935}"
EndProject
Global
	GlobalSection(SolutionConfigurationPlatforms) = preSolution
		Debug|Any CPU = Debug|Any CPU
		Release|Any CPU = Release|Any CPU
	EndGlobalSection
	GlobalSection(ProjectConfigurationPlatforms) = postSolution
		{0BD6655A-2FC1-4507-94DF-85FFA87A4935}.Debug|Any CPU.ActiveCfg = Debug|Any CPU
		{0BD6655A-2FC1-4507-94DF-85FFA87A4935}.Debug|Any CPU.Build.0 = Debug|Any CPU
		{0BD6655A-2FC1-4507-94DF-85FFA87A4935}.Release|Any CPU.ActiveCfg = Release|Any CPU
		{0BD6655A-2FC1-4507-94DF-85FFA87A4935}.Release|Any CPU.Build.0 = Release|Any CPU
	EndGlobalSection
	GlobalSection(SolutionProperties) = preSolution
		HideSolutionNode = FALSE
	EndGlobalSection
	GlobalSection(ExtensibilityGlobals) = postSolution
		SolutionGuid = {70258585-AE38-4307-A1A0-0F53D7D5056D}
	EndGlobalSection
EndGlobal
